
Microsoft Visual Studio Solution File, Format Version 12.00
# Visual Studio 15
VisualStudioVersion = 15.0.27703.2047
MinimumVisualStudioVersion = 10.0.40219.1
Project("{8BC9CEB8-8B4A-11D0-8D11-00A0C91BC942}") = "AccessMyVNA", "AccessMyVNA\AccessMyVNA.vcxproj", "{4CEB8596-1676-44AB-8B44-5B13628542E4}"
EndProject
Project("{8BC9CEB8-8B4A-11D0-8D11-00A0C91BC942}") = "AccessMyVNAdll", "AccessMyVNAdll\AccessMyVNAdll.vcxproj", "{3628EF27-E0EC-41F7-98D9-4C12469E316B}"
EndProject
Global
	GlobalSection(SolutionConfigurationPlatforms) = preSolution
		Debug|Win32 = Debug|Win32
		Debug|x86 = Debug|x86
		Release|Win32 = Release|Win32
		Release|x86 = Release|x86
	EndGlobalSection
	GlobalSection(ProjectConfigurationPlatforms) = postSolution
		{4CEB8596-1676-44AB-8B44-5B13628542E4}.Debug|Win32.ActiveCfg = Debug|Win32
		{4CEB8596-1676-44AB-8B44-5B13628542E4}.Debug|Win32.Build.0 = Debug|Win32
		{4CEB8596-1676-44AB-8B44-5B13628542E4}.Debug|x86.ActiveCfg = Debug|Win32
		{4CEB8596-1676-44AB-8B44-5B13628542E4}.Debug|x86.Build.0 = Debug|Win32
		{4CEB8596-1676-44AB-8B44-5B13628542E4}.Release|Win32.ActiveCfg = Release|Win32
		{4CEB8596-1676-44AB-8B44-5B13628542E4}.Release|Win32.Build.0 = Release|Win32
		{4CEB8596-1676-44AB-8B44-5B13628542E4}.Release|x86.ActiveCfg = Release|Win32
		{4CEB8596-1676-44AB-8B44-5B13628542E4}.Release|x86.Build.0 = Release|Win32
		{3628EF27-E0EC-41F7-98D9-4C12469E316B}.Debug|Win32.ActiveCfg = Debug|Win32
		{3628EF27-E0EC-41F7-98D9-4C12469E316B}.Debug|Win32.Build.0 = Debug|Win32
		{3628EF27-E0EC-41F7-98D9-4C12469E316B}.Debug|x86.ActiveCfg = Debug|Win32
		{3628EF27-E0EC-41F7-98D9-4C12469E316B}.Debug|x86.Build.0 = Debug|Win32
		{3628EF27-E0EC-41F7-98D9-4C12469E316B}.Release|Win32.ActiveCfg = Release|Win32
		{3628EF27-E0EC-41F7-98D9-4C12469E316B}.Release|Win32.Build.0 = Release|Win32
		{3628EF27-E0EC-41F7-98D9-4C12469E316B}.Release|x86.ActiveCfg = Release|Win32
		{3628EF27-E0EC-41F7-98D9-4C12469E316B}.Release|x86.Build.0 = Release|Win32
	EndGlobalSection
	GlobalSection(SolutionProperties) = preSolution
		HideSolutionNode = FALSE
	EndGlobalSection
	GlobalSection(ExtensibilityGlobals) = postSolution
		SolutionGuid = {7F89DFD6-94E2-458E-8AAE-01E7F254CB76}
	EndGlobalSection
EndGlobal
